
Microsoft Visual Studio Solution File, Format Version 12.00
# Visual Studio Version 17
VisualStudioVersion = 17.0.31912.275
MinimumVisualStudioVersion = 10.0.40219.1
Project("{FAE04EC0-301F-11D3-BF4B-00C04F79EFBC}") = "SEOScanner", "SEOScanner\SEOScanner.csproj", "{38814022-BAB0-46F9-8942-72D70C9FD3CA}"
EndProject
Global
	GlobalSection(SolutionConfigurationPlatforms) = preSolution
		Debug|Any CPU = Debug|Any CPU
		Release|Any CPU = Release|Any CPU
	EndGlobalSection
	GlobalSection(ProjectConfigurationPlatforms) = postSolution
		{38814022-BAB0-46F9-8942-72D70C9FD3CA}.Debug|Any CPU.ActiveCfg = Debug|Any CPU
		{38814022-BAB0-46F9-8942-72D70C9FD3CA}.Debug|Any CPU.Build.0 = Debug|Any CPU
		{38814022-BAB0-46F9-8942-72D70C9FD3CA}.Release|Any CPU.ActiveCfg = Release|Any CPU
		{38814022-BAB0-46F9-8942-72D70C9FD3CA}.Release|Any CPU.Build.0 = Release|Any CPU
	EndGlobalSection
	GlobalSection(SolutionProperties) = preSolution
		HideSolutionNode = FALSE
	EndGlobalSection
	GlobalSection(ExtensibilityGlobals) = postSolution
		SolutionGuid = {702CEAC5-0A56-4C3A-8334-9283F66553C6}
	EndGlobalSection
EndGlobal
